<?xml version="1.0" encoding="utf-8"?>
<Project ToolsVersion="4.0" xmlns="http://schemas.microsoft.com/developer/msbuild/2003">
  <ItemGroup>
    <Filter Include="源文件">
      <UniqueIdentifier>{4FC737F1-C7A5-4376-A066-2A32D752A2FF}</UniqueIdentifier>
      <Extensions>cpp;c;cc;cxx;def;odl;idl;hpj;bat;asm;asmx</Extensions>
    </Filter>
    <Filter Include="头文件">
      <UniqueIdentifier>{93995380-89BD-4b04-88EB-625FBE52EBFB}</UniqueIdentifier>
      <Extensions>h;hh;hpp;hxx;hm;inl;inc;ipp;xsd</Extensions>
    </Filter>
    <Filter Include="资源文件">
      <UniqueIdentifier>{67DA6AB6-F800-4c08-8B7A-83BB121AAD01}</UniqueIdentifier>
      <Extensions>rc;ico;cur;bmp;dlg;rc2;rct;bin;rgs;gif;jpg;jpeg;jpe;resx;tiff;tif;png;wav;mfcribbon-ms</Extensions>
    </Filter>
  </ItemGroup>
  <ItemGroup>
    <ClInclude Include="targetver.h">
      <Filter>头文件</Filter>
    </ClInclude>
    <ClInclude Include="Resource.h">
      <Filter>头文件</Filter>
    </ClInclude>
    <ClInclude Include="Thread.h">
      <Filter>头文件</Filter>
    </ClInclude>
    <ClInclude Include="Background.h">
      <Filter>头文件</Filter>
    </ClInclude>
    <ClInclude Include="MyWindow.h">
      <Filter>头文件</Filter>
    </ClInclude>
    <ClInclude Include="Monster.h">
      <Filter>头文件</Filter>
    </ClInclude>
    <ClInclude Include="MonsterBullet.h">
      <Filter>头文件</Filter>
    </ClInclude>
    <ClInclude Include="CriticalSection.h">
      <Filter>头文件</Filter>
    </ClInclude>
    <ClInclude Include="Player.h">
      <Filter>头文件</Filter>
    </ClInclude>
    <ClInclude Include="Music.h">
      <Filter>头文件</Filter>
    </ClInclude>
    <ClInclude Include="PlayerBullet.h">
      <Filter>头文件</Filter>
    </ClInclude>
  </ItemGroup>
  <ItemGroup>
    <ClCompile Include="MyWindow.cpp">
      <Filter>源文件</Filter>
    </ClCompile>
    <ClCompile Include="Thread.cpp">
      <Filter>源文件</Filter>
    </ClCompile>
    <ClCompile Include="Background.cpp">
      <Filter>源文件</Filter>
    </ClCompile>
    <ClCompile Include="Monster.cpp">
      <Filter>源文件</Filter>
    </ClCompile>
    <ClCompile Include="MonsterBullet.cpp">
      <Filter>源文件</Filter>
    </ClCompile>
    <ClCompile Include="CriticalSection.cpp">
      <Filter>源文件</Filter>
    </ClCompile>
    <ClCompile Include="Player.cpp">
      <Filter>源文件</Filter>
    </ClCompile>
    <ClCompile Include="Music.cpp">
      <Filter>源文件</Filter>
    </ClCompile>
    <ClCompile Include="PlayerBullet.cpp">
      <Filter>源文件</Filter>
    </ClCompile>
    <ClCompile Include="Main.cpp">
      <Filter>源文件</Filter>
    </ClCompile>
  </ItemGroup>
  <ItemGroup>
    <ResourceCompile Include="PlaneWars.rc">
      <Filter>资源文件</Filter>
    </ResourceCompile>
  </ItemGroup>
  <ItemGroup>
    <Image Include="small.ico">
      <Filter>资源文件</Filter>
    </Image>
    <Image Include="PlaneWars.ico">
      <Filter>资源文件</Filter>
    </Image>
    <Image Include="res\images\bg.bmp">
      <Filter>资源文件</Filter>
    </Image>
    <Image Include="res\images\BossBullet.bmp">
      <Filter>资源文件</Filter>
    </Image>
    <Image Include="res\images\myPlane_b.bmp">
      <Filter>资源文件</Filter>
    </Image>
    <Image Include="res\images\myPlane_f.bmp">
      <Filter>资源文件</Filter>
    </Image>
    <Image Include="res\images\BOSS_B.bmp">
      <Filter>资源文件</Filter>
    </Image>
    <Image Include="res\images\BOSS_F.bmp">
      <Filter>资源文件</Filter>
    </Image>
    <Image Include="res\images\PlayerBullet.bmp">
      <Filter>资源文件</Filter>
    </Image>
    <Image Include="res\images\icon1.ico">
      <Filter>资源文件</Filter>
    </Image>
  </ItemGroup>
</Project>